
Microsoft Visual Studio Solution File, Format Version 12.00
# Visual Studio Version 17
VisualStudioVersion = 17.2.32630.192
MinimumVisualStudioVersion = 10.0.40219.1
Project("{9A19103F-16F7-4668-BE54-9A1E7A4F7556}") = "BlazingTrails.Client", "BlazingTrails.Client\BlazingTrails.Client.csproj", "{55BF69E5-914D-4DA0-A077-C6BDEA6B7BDB}"
EndProject
Project("{9A19103F-16F7-4668-BE54-9A1E7A4F7556}") = "BlazingTrails.Api", "BlazingTrails.Api\BlazingTrails.Api.csproj", "{5B8819E0-7F8D-4855-A0A1-CEBF2C8F385D}"
EndProject
Project("{9A19103F-16F7-4668-BE54-9A1E7A4F7556}") = "BlazingTrails.Shared", "BlazingTrails.Shared\BlazingTrails.Shared.csproj", "{45774408-E4ED-4776-868A-7540220B0197}"
EndProject
Project("{9A19103F-16F7-4668-BE54-9A1E7A4F7556}") = "BlazingTrails.ComponentLibrary", "BlazingTrails.ComponentLibrary\BlazingTrails.ComponentLibrary.csproj", "{EBEB6C3A-5E33-4A95-B4B9-115072CB8C2C}"
EndProject
Project("{9A19103F-16F7-4668-BE54-9A1E7A4F7556}") = "BlazingTrails.Tests", "BlazingTrails.Tests\BlazingTrails.Tests.csproj", "{E90F88E0-D6A8-4D7D-9086-90F144BF573F}"
EndProject
Global
	GlobalSection(SolutionConfigurationPlatforms) = preSolution
		Debug|Any CPU = Debug|Any CPU
		Release|Any CPU = Release|Any CPU
	EndGlobalSection
	GlobalSection(ProjectConfigurationPlatforms) = postSolution
		{55BF69E5-914D-4DA0-A077-C6BDEA6B7BDB}.Debug|Any CPU.ActiveCfg = Debug|Any CPU
		{55BF69E5-914D-4DA0-A077-C6BDEA6B7BDB}.Debug|Any CPU.Build.0 = Debug|Any CPU
		{55BF69E5-914D-4DA0-A077-C6BDEA6B7BDB}.Release|Any CPU.ActiveCfg = Release|Any CPU
		{55BF69E5-914D-4DA0-A077-C6BDEA6B7BDB}.Release|Any CPU.Build.0 = Release|Any CPU
		{5B8819E0-7F8D-4855-A0A1-CEBF2C8F385D}.Debug|Any CPU.ActiveCfg = Debug|Any CPU
		{5B8819E0-7F8D-4855-A0A1-CEBF2C8F385D}.Debug|Any CPU.Build.0 = Debug|Any CPU
		{5B8819E0-7F8D-4855-A0A1-CEBF2C8F385D}.Release|Any CPU.ActiveCfg = Release|Any CPU
		{5B8819E0-7F8D-4855-A0A1-CEBF2C8F385D}.Release|Any CPU.Build.0 = Release|Any CPU
		{45774408-E4ED-4776-868A-7540220B0197}.Debug|Any CPU.ActiveCfg = Debug|Any CPU
		{45774408-E4ED-4776-868A-7540220B0197}.Debug|Any CPU.Build.0 = Debug|Any CPU
		{45774408-E4ED-4776-868A-7540220B0197}.Release|Any CPU.ActiveCfg = Release|Any CPU
		{45774408-E4ED-4776-868A-7540220B0197}.Release|Any CPU.Build.0 = Release|Any CPU
		{EBEB6C3A-5E33-4A95-B4B9-115072CB8C2C}.Debug|Any CPU.ActiveCfg = Debug|Any CPU
		{EBEB6C3A-5E33-4A95-B4B9-115072CB8C2C}.Debug|Any CPU.Build.0 = Debug|Any CPU
		{EBEB6C3A-5E33-4A95-B4B9-115072CB8C2C}.Release|Any CPU.ActiveCfg = Release|Any CPU
		{EBEB6C3A-5E33-4A95-B4B9-115072CB8C2C}.Release|Any CPU.Build.0 = Release|Any CPU
		{E90F88E0-D6A8-4D7D-9086-90F144BF573F}.Debug|Any CPU.ActiveCfg = Debug|Any CPU
		{E90F88E0-D6A8-4D7D-9086-90F144BF573F}.Debug|Any CPU.Build.0 = Debug|Any CPU
		{E90F88E0-D6A8-4D7D-9086-90F144BF573F}.Release|Any CPU.ActiveCfg = Release|Any CPU
		{E90F88E0-D6A8-4D7D-9086-90F144BF573F}.Release|Any CPU.Build.0 = Release|Any CPU
	EndGlobalSection
	GlobalSection(SolutionProperties) = preSolution
		HideSolutionNode = FALSE
	EndGlobalSection
	GlobalSection(ExtensibilityGlobals) = postSolution
		SolutionGuid = {B40206AC-DF30-4544-9697-434690211D8F}
	EndGlobalSection
EndGlobal
